install_repository_dependencies: true
install_resolver_dependencies: false
install_tool_dependencies: false
tool_panel_section_label: Seurat
tools:
- name: create_seurat
  owner: iuc
  revisions:
  -
  tool_panel_section_id: Seurat
  tool_panel_section_label: Seurat
- name: inspect_and_manipulate
  owner: iuc
  revisions:
  -
  tool_panel_section_id: Seurat
  tool_panel_section_label: Seurat
- name: integrate
  owner: iuc
  revisions:
  -
  tool_panel_section_id: Seurat
  tool_panel_section_label: Seurat
- name: neighbors_clusters_markers
  owner: iuc
  revisions:
  -
  tool_panel_section_id: Seurat
  tool_panel_section_label: Seurat
- name: normalize_select_features_scale
  owner: iuc
  revisions:
  -
  tool_panel_section_id: Seurat
  tool_panel_section_label: Seurat
- name: plot
  owner: iuc
  revisions:
  -
  tool_panel_section_id: Seurat
  tool_panel_section_label: Seurat
- name: reduce_dimensions
  owner: iuc
  revisions:
  - 0cb889db0910
  - 32c5c85cbc12
  - c0b037b12765
  - c5ac926c838f
  - e1c3c2f2a834
  tool_panel_section_id: Seurat
  tool_panel_section_label: Seurat
